
Microsoft Visual Studio Solution File, Format Version 12.00
# Visual Studio Version 17
VisualStudioVersion = 17.5.33516.290
MinimumVisualStudioVersion = 10.0.40219.1
Project("{FAE04EC0-301F-11D3-BF4B-00C04F79EFBC}") = "ClassLibrary1", "ClassLibrary1\ClassLibrary1.csproj", "{4E2D1FDF-CCB0-401E-899C-2979F69B293D}"
EndProject
Project("{FAE04EC0-301F-11D3-BF4B-00C04F79EFBC}") = "USqlCSharpUdoUnitTestProject1", "USqlCSharpUdoUnitTestProject1\USqlCSharpUdoUnitTestProject1.csproj", "{FB1BAA76-9AC5-4093-B0EE-8F3085655402}"
EndProject
Global
	GlobalSection(SolutionConfigurationPlatforms) = preSolution
		Debug|Any CPU = Debug|Any CPU
		Release|Any CPU = Release|Any CPU
	EndGlobalSection
	GlobalSection(ProjectConfigurationPlatforms) = postSolution
		{4E2D1FDF-CCB0-401E-899C-2979F69B293D}.Debug|Any CPU.ActiveCfg = Debug|Any CPU
		{4E2D1FDF-CCB0-401E-899C-2979F69B293D}.Debug|Any CPU.Build.0 = Debug|Any CPU
		{4E2D1FDF-CCB0-401E-899C-2979F69B293D}.Release|Any CPU.ActiveCfg = Release|Any CPU
		{4E2D1FDF-CCB0-401E-899C-2979F69B293D}.Release|Any CPU.Build.0 = Release|Any CPU
		{FB1BAA76-9AC5-4093-B0EE-8F3085655402}.Debug|Any CPU.ActiveCfg = Debug|Any CPU
		{FB1BAA76-9AC5-4093-B0EE-8F3085655402}.Debug|Any CPU.Build.0 = Debug|Any CPU
		{FB1BAA76-9AC5-4093-B0EE-8F3085655402}.Release|Any CPU.ActiveCfg = Release|Any CPU
		{FB1BAA76-9AC5-4093-B0EE-8F3085655402}.Release|Any CPU.Build.0 = Release|Any CPU
	EndGlobalSection
	GlobalSection(SolutionProperties) = preSolution
		HideSolutionNode = FALSE
	EndGlobalSection
	GlobalSection(ExtensibilityGlobals) = postSolution
		SolutionGuid = {54FCDCCE-DE69-4CCF-B7D3-5ED686D9B532}
	EndGlobalSection
EndGlobal
